
Microsoft Visual Studio Solution File, Format Version 12.00
# Visual Studio 15
VisualStudioVersion = 15.0.28307.489
MinimumVisualStudioVersion = 10.0.40219.1
Project("{FAE04EC0-301F-11D3-BF4B-00C04F79EFBC}") = "AwsLambdaDotNetCoreLabs.Web", "AwsLambdaDotNetCoreLabs.Web\AwsLambdaDotNetCoreLabs.Web.csproj", "{6300A7E6-D1C6-479C-8DAD-F55D54451B41}"
EndProject
Global
	GlobalSection(SolutionConfigurationPlatforms) = preSolution
		Debug|Any CPU = Debug|Any CPU
		Release|Any CPU = Release|Any CPU
	EndGlobalSection
	GlobalSection(ProjectConfigurationPlatforms) = postSolution
		{6300A7E6-D1C6-479C-8DAD-F55D54451B41}.Debug|Any CPU.ActiveCfg = Debug|Any CPU
		{6300A7E6-D1C6-479C-8DAD-F55D54451B41}.Debug|Any CPU.Build.0 = Debug|Any CPU
		{6300A7E6-D1C6-479C-8DAD-F55D54451B41}.Release|Any CPU.ActiveCfg = Release|Any CPU
		{6300A7E6-D1C6-479C-8DAD-F55D54451B41}.Release|Any CPU.Build.0 = Release|Any CPU
	EndGlobalSection
	GlobalSection(SolutionProperties) = preSolution
		HideSolutionNode = FALSE
	EndGlobalSection
	GlobalSection(ExtensibilityGlobals) = postSolution
		SolutionGuid = {680A3281-0247-4C38-95AF-CE6F90E16139}
	EndGlobalSection
EndGlobal
